
Microsoft Visual Studio Solution File, Format Version 12.00
# Visual Studio Version 17
VisualStudioVersion = 17.6.33829.357
MinimumVisualStudioVersion = 10.0.40219.1
Project("{FAE04EC0-301F-11D3-BF4B-00C04F79EFBC}") = "Student Records", "Student Records.csproj", "{02404480-CC08-49BE-8097-DB8AD26CD10B}"
EndProject
Project("{FAE04EC0-301F-11D3-BF4B-00C04F79EFBC}") = "StudentConsumer", "..\StudentConsumer\StudentConsumer.csproj", "{DA774D43-A683-4784-A2F8-4FC45B520E39}"
EndProject
Global
	GlobalSection(SolutionConfigurationPlatforms) = preSolution
		Debug|Any CPU = Debug|Any CPU
		Release|Any CPU = Release|Any CPU
	EndGlobalSection
	GlobalSection(ProjectConfigurationPlatforms) = postSolution
		{02404480-CC08-49BE-8097-DB8AD26CD10B}.Debug|Any CPU.ActiveCfg = Debug|Any CPU
		{02404480-CC08-49BE-8097-DB8AD26CD10B}.Debug|Any CPU.Build.0 = Debug|Any CPU
		{02404480-CC08-49BE-8097-DB8AD26CD10B}.Release|Any CPU.ActiveCfg = Release|Any CPU
		{02404480-CC08-49BE-8097-DB8AD26CD10B}.Release|Any CPU.Build.0 = Release|Any CPU
		{DA774D43-A683-4784-A2F8-4FC45B520E39}.Debug|Any CPU.ActiveCfg = Debug|Any CPU
		{DA774D43-A683-4784-A2F8-4FC45B520E39}.Debug|Any CPU.Build.0 = Debug|Any CPU
		{DA774D43-A683-4784-A2F8-4FC45B520E39}.Release|Any CPU.ActiveCfg = Release|Any CPU
		{DA774D43-A683-4784-A2F8-4FC45B520E39}.Release|Any CPU.Build.0 = Release|Any CPU
	EndGlobalSection
	GlobalSection(SolutionProperties) = preSolution
		HideSolutionNode = FALSE
	EndGlobalSection
	GlobalSection(ExtensibilityGlobals) = postSolution
		SolutionGuid = {CCCA5C77-2294-4BAA-A764-CB5B3D089124}
	EndGlobalSection
EndGlobal
